
Microsoft Visual Studio Solution File, Format Version 12.00
# Visual Studio Version 17
VisualStudioVersion = 17.7.34202.233
MinimumVisualStudioVersion = 10.0.40219.1
Project("{FAE04EC0-301F-11D3-BF4B-00C04F79EFBC}") = "GameDevProject", "GameDevProject.csproj", "{A2A7A154-4592-4BA8-9981-5A8C64FF908B}"
EndProject
Global
	GlobalSection(SolutionConfigurationPlatforms) = preSolution
		Debug|Any CPU = Debug|Any CPU
		Release|Any CPU = Release|Any CPU
	EndGlobalSection
	GlobalSection(ProjectConfigurationPlatforms) = postSolution
		{A2A7A154-4592-4BA8-9981-5A8C64FF908B}.Debug|Any CPU.ActiveCfg = Debug|Any CPU
		{A2A7A154-4592-4BA8-9981-5A8C64FF908B}.Debug|Any CPU.Build.0 = Debug|Any CPU
		{A2A7A154-4592-4BA8-9981-5A8C64FF908B}.Release|Any CPU.ActiveCfg = Release|Any CPU
		{A2A7A154-4592-4BA8-9981-5A8C64FF908B}.Release|Any CPU.Build.0 = Release|Any CPU
	EndGlobalSection
	GlobalSection(SolutionProperties) = preSolution
		HideSolutionNode = FALSE
	EndGlobalSection
	GlobalSection(ExtensibilityGlobals) = postSolution
		SolutionGuid = {68A072D5-B3CC-4F5F-87EC-65A78833979C}
	EndGlobalSection
EndGlobal
